
Microsoft Visual Studio Solution File, Format Version 12.00
# Visual Studio Version 16
VisualStudioVersion = 16.0.30907.101
MinimumVisualStudioVersion = 10.0.40219.1
Project("{FAE04EC0-301F-11D3-BF4B-00C04F79EFBC}") = "task_3", "task_3\task_3.csproj", "{D1DEF757-9AEF-40A1-9F62-A5A4A7634E5D}"
EndProject
Global
	GlobalSection(SolutionConfigurationPlatforms) = preSolution
		Debug|Any CPU = Debug|Any CPU
		Release|Any CPU = Release|Any CPU
	EndGlobalSection
	GlobalSection(ProjectConfigurationPlatforms) = postSolution
		{D1DEF757-9AEF-40A1-9F62-A5A4A7634E5D}.Debug|Any CPU.ActiveCfg = Debug|Any CPU
		{D1DEF757-9AEF-40A1-9F62-A5A4A7634E5D}.Debug|Any CPU.Build.0 = Debug|Any CPU
		{D1DEF757-9AEF-40A1-9F62-A5A4A7634E5D}.Release|Any CPU.ActiveCfg = Release|Any CPU
		{D1DEF757-9AEF-40A1-9F62-A5A4A7634E5D}.Release|Any CPU.Build.0 = Release|Any CPU
	EndGlobalSection
	GlobalSection(SolutionProperties) = preSolution
		HideSolutionNode = FALSE
	EndGlobalSection
	GlobalSection(ExtensibilityGlobals) = postSolution
		SolutionGuid = {6807BF0A-4098-4283-B9DC-0B587E1885DF}
	EndGlobalSection
EndGlobal
